// !$*UTF8*$!
{
	archiveVersion = 1;
	classes = {
	};
	objectVersion = 51;
	objects = {

/* Begin PBXBuildFile section */
		0406E2FB2394EEE9001B5D42 /* Calculator.swift in Sources */ = {isa = PBXBuildFile; fileRef = 0406E2FA2394EEE9001B5D42 /* Calculator.swift */; };
		040FA3A824B6EBB900E82EE2 /* Anims.swift in Sources */ = {isa = PBXBuildFile; fileRef = 040FA3A724B6EBB900E82EE2 /* Anims.swift */; };
		0419BE8B23794BA700075EA8 /* HistoryViewController.swift in Sources */ = {isa = PBXBuildFile; fileRef = 0419BE8A23794BA700075EA8 /* HistoryViewController.swift */; };
		04533A5B2373BF7200410C2C /* AppDelegate.swift in Sources */ = {isa = PBXBuildFile; fileRef = 04533A5A2373BF7200410C2C /* AppDelegate.swift */; };
		04533A5D2373BF7200410C2C /* MainViewController.swift in Sources */ = {isa = PBXBuildFile; fileRef = 04533A5C2373BF7200410C2C /* MainViewController.swift */; };
		04533A602373BF7200410C2C /* Main.storyboard in Resources */ = {isa = PBXBuildFile; fileRef = 04533A5E2373BF7200410C2C /* Main.storyboard */; };
		04533A622373BF7700410C2C /* Assets.xcassets in Resources */ = {isa = PBXBuildFile; fileRef = 04533A612373BF7700410C2C /* Assets.xcassets */; };
		04533A652373BF7700410C2C /* LaunchScreen.storyboard in Resources */ = {isa = PBXBuildFile; fileRef = 04533A632373BF7700410C2C /* LaunchScreen.storyboard */; };
		0492D3A324930FF30009B6DC /* InfoPlist.strings in Resources */ = {isa = PBXBuildFile; fileRef = 0492D3A524930FF30009B6DC /* InfoPlist.strings */; };
		0492D3AA24973C020009B6DC /* MainView.swift in Sources */ = {isa = PBXBuildFile; fileRef = 0492D3A924973C020009B6DC /* MainView.swift */; };
		04CBCF7724D1470E002A60F4 /* DisplayNumberConverter.swift in Sources */ = {isa = PBXBuildFile; fileRef = 04CBCF7624D1470E002A60F4 /* DisplayNumberConverter.swift */; };
		04D34637237D10EC0069962B /* HistoryTableViewCell.swift in Sources */ = {isa = PBXBuildFile; fileRef = 04D34636237D10EC0069962B /* HistoryTableViewCell.swift */; };
		4DB87B2D52BB183145F16577 /* Pods_MyCalc.framework in Frameworks */ = {isa = PBXBuildFile; fileRef = 98F44C08B90292367C7F8B51 /* Pods_MyCalc.framework */; };
/* End PBXBuildFile section */

/* Begin PBXFileReference section */
		0406E2FA2394EEE9001B5D42 /* Calculator.swift */ = {isa = PBXFileReference; lastKnownFileType = sourcecode.swift; path = Calculator.swift; sourceTree = "<group>"; };
		040FA3A724B6EBB900E82EE2 /* Anims.swift */ = {isa = PBXFileReference; lastKnownFileType = sourcecode.swift; path = Anims.swift; sourceTree = "<group>"; };
		0419BE8A23794BA700075EA8 /* HistoryViewController.swift */ = {isa = PBXFileReference; lastKnownFileType = sourcecode.swift; path = HistoryViewController.swift; sourceTree = "<group>"; };
		04533A572373BF7200410C2C /* MyCalc.app */ = {isa = PBXFileReference; explicitFileType = wrapper.application; includeInIndex = 0; path = MyCalc.app; sourceTree = BUILT_PRODUCTS_DIR; };
		04533A5A2373BF7200410C2C /* AppDelegate.swift */ = {isa = PBXFileReference; lastKnownFileType = sourcecode.swift; path = AppDelegate.swift; sourceTree = "<group>"; };
		04533A5C2373BF7200410C2C /* MainViewController.swift */ = {isa = PBXFileReference; lastKnownFileType = sourcecode.swift; path = MainViewController.swift; sourceTree = "<group>"; };
		04533A5F2373BF7200410C2C /* Base */ = {isa = PBXFileReference; lastKnownFileType = file.storyboard; name = Base; path = Base.lproj/Main.storyboard; sourceTree = "<group>"; };
		04533A612373BF7700410C2C /* Assets.xcassets */ = {isa = PBXFileReference; lastKnownFileType = folder.assetcatalog; path = Assets.xcassets; sourceTree = "<group>"; };
		04533A642373BF7700410C2C /* Base */ = {isa = PBXFileReference; lastKnownFileType = file.storyboard; name = Base; path = Base.lproj/LaunchScreen.storyboard; sourceTree = "<group>"; };
		04533A662373BF7700410C2C /* Info.plist */ = {isa = PBXFileReference; lastKnownFileType = text.plist.xml; path = Info.plist; sourceTree = "<group>"; };
		0492D3A424930FF30009B6DC /* en */ = {isa = PBXFileReference; lastKnownFileType = text.plist.strings; name = en; path = en.lproj/InfoPlist.strings; sourceTree = "<group>"; };
		0492D3A6249310050009B6DC /* ko */ = {isa = PBXFileReference; lastKnownFileType = text.plist.strings; name = ko; path = ko.lproj/InfoPlist.strings; sourceTree = "<group>"; };
		0492D3A924973C020009B6DC /* MainView.swift */ = {isa = PBXFileReference; lastKnownFileType = sourcecode.swift; path = MainView.swift; sourceTree = "<group>"; };
		04CBCF7624D1470E002A60F4 /* DisplayNumberConverter.swift */ = {isa = PBXFileReference; lastKnownFileType = sourcecode.swift; path = DisplayNumberConverter.swift; sourceTree = "<group>"; };
		04D34636237D10EC0069962B /* HistoryTableViewCell.swift */ = {isa = PBXFileReference; lastKnownFileType = sourcecode.swift; path = HistoryTableViewCell.swift; sourceTree = "<group>"; };
		53BA42A1B8B0BF3315833AA6 /* Pods-MyCalc.release.xcconfig */ = {isa = PBXFileReference; includeInIndex = 1; lastKnownFileType = text.xcconfig; name = "Pods-MyCalc.release.xcconfig"; path = "Target Support Files/Pods-MyCalc/Pods-MyCalc.release.xcconfig"; sourceTree = "<group>"; };
		77B4156BDB25FD8D1F2F0728 /* Pods-MyCalc.debug.xcconfig */ = {isa = PBXFileReference; includeInIndex = 1; lastKnownFileType = text.xcconfig; name = "Pods-MyCalc.debug.xcconfig"; path = "Target Support Files/Pods-MyCalc/Pods-MyCalc.debug.xcconfig"; sourceTree = "<group>"; };
		98F44C08B90292367C7F8B51 /* Pods_MyCalc.framework */ = {isa = PBXFileReference; explicitFileType = wrapper.framework; includeInIndex = 0; path = Pods_MyCalc.framework; sourceTree = BUILT_PRODUCTS_DIR; };
/* End PBXFileReference section */

/* Begin PBXFrameworksBuildPhase section */
		04533A542373BF7200410C2C /* Frameworks */ = {
			isa = PBXFrameworksBuildPhase;
			buildActionMask = 2147483647;
			files = (
				4DB87B2D52BB183145F16577 /* Pods_MyCalc.framework in Frameworks */,
			);
			runOnlyForDeploymentPostprocessing = 0;
		};
/* End PBXFrameworksBuildPhase section */

/* Begin PBXGroup section */
		04533A4E2373BF7200410C2C = {
			isa = PBXGroup;
			children = (
				04533A5A2373BF7200410C2C /* AppDelegate.swift */,
				04533A612373BF7700410C2C /* Assets.xcassets */,
				0492D3A524930FF30009B6DC /* InfoPlist.strings */,
				04533A592373BF7200410C2C /* MyCalc */,
				04533A582373BF7200410C2C /* Products */,
				20FE7CB7BCE91F13D6939813 /* Pods */,
				94AC0EFC9C2D37741A38755F /* Frameworks */,
			);
			sourceTree = "<group>";
		};
		04533A582373BF7200410C2C /* Products */ = {
			isa = PBXGroup;
			children = (
				04533A572373BF7200410C2C /* MyCalc.app */,
			);
			name = Products;
			sourceTree = "<group>";
		};
		04533A592373BF7200410C2C /* MyCalc */ = {
			isa = PBXGroup;
			children = (
				04533A662373BF7700410C2C /* Info.plist */,
				0492D3A02492053F0009B6DC /* Model */,
				0492D3A8249726960009B6DC /* View */,
				0492D3A7249726890009B6DC /* Controller */,
			);
			path = MyCalc;
			sourceTree = "<group>";
		};
		0492D3A02492053F0009B6DC /* Model */ = {
			isa = PBXGroup;
			children = (
				0406E2FA2394EEE9001B5D42 /* Calculator.swift */,
				04CBCF7624D1470E002A60F4 /* DisplayNumberConverter.swift */,
			);
			path = Model;
			sourceTree = "<group>";
		};
		0492D3A7249726890009B6DC /* Controller */ = {
			isa = PBXGroup;
			children = (
				04533A5C2373BF7200410C2C /* MainViewController.swift */,
				0419BE8A23794BA700075EA8 /* HistoryViewController.swift */,
			);
			path = Controller;
			sourceTree = "<group>";
		};
		0492D3A8249726960009B6DC /* View */ = {
			isa = PBXGroup;
			children = (
				04533A5E2373BF7200410C2C /* Main.storyboard */,
				04533A632373BF7700410C2C /* LaunchScreen.storyboard */,
				040FA3A724B6EBB900E82EE2 /* Anims.swift */,
				04D34636237D10EC0069962B /* HistoryTableViewCell.swift */,
				0492D3A924973C020009B6DC /* MainView.swift */,
			);
			path = View;
			sourceTree = "<group>";
		};
		20FE7CB7BCE91F13D6939813 /* Pods */ = {
			isa = PBXGroup;
			children = (
				77B4156BDB25FD8D1F2F0728 /* Pods-MyCalc.debug.xcconfig */,
				53BA42A1B8B0BF3315833AA6 /* Pods-MyCalc.release.xcconfig */,
			);
			path = Pods;
			sourceTree = "<group>";
		};
		94AC0EFC9C2D37741A38755F /* Frameworks */ = {
			isa = PBXGroup;
			children = (
				98F44C08B90292367C7F8B51 /* Pods_MyCalc.framework */,
			);
			name = Frameworks;
			sourceTree = "<group>";
		};
/* End PBXGroup section */

/* Begin PBXNativeTarget section */
		04533A562373BF7200410C2C /* MyCalc */ = {
			isa = PBXNativeTarget;
			buildConfigurationList = 04533A692373BF7700410C2C /* Build configuration list for PBXNativeTarget "MyCalc" */;
			buildPhases = (
				2FE7D6E64657B906BC514637 /* [CP] Check Pods Manifest.lock */,
				04533A532373BF7200410C2C /* Sources */,
				04533A542373BF7200410C2C /* Frameworks */,
				04533A552373BF7200410C2C /* Resources */,
				247878A9229EBEF08D89644C /* [CP] Embed Pods Frameworks */,
			);
			buildRules = (
			);
			dependencies = (
			);
			name = MyCalc;
			productName = MyCalc;
			productReference = 04533A572373BF7200410C2C /* MyCalc.app */;
			productType = "com.apple.product-type.application";
		};
/* End PBXNativeTarget section */

/* Begin PBXProject section */
		04533A4F2373BF7200410C2C /* Project object */ = {
			isa = PBXProject;
			attributes = {
				LastSwiftUpdateCheck = 1030;
				LastUpgradeCheck = 1030;
				ORGANIZATIONNAME = Mac;
				TargetAttributes = {
					04533A562373BF7200410C2C = {
						CreatedOnToolsVersion = 10.3;
					};
				};
			};
			buildConfigurationList = 04533A522373BF7200410C2C /* Build configuration list for PBXProject "MyCalc" */;
			compatibilityVersion = "Xcode 9.3";
			developmentRegion = en;
			hasScannedForEncodings = 0;
			knownRegions = (
				en,
				Base,
				ko,
			);
			mainGroup = 04533A4E2373BF7200410C2C;
			productRefGroup = 04533A582373BF7200410C2C /* Products */;
			projectDirPath = "";
			projectRoot = "";
			targets = (
				04533A562373BF7200410C2C /* MyCalc */,
			);
		};
/* End PBXProject section */

/* Begin PBXResourcesBuildPhase section */
		04533A552373BF7200410C2C /* Resources */ = {
			isa = PBXResourcesBuildPhase;
			buildActionMask = 2147483647;
			files = (
				04533A652373BF7700410C2C /* LaunchScreen.storyboard in Resources */,
				0492D3A324930FF30009B6DC /* InfoPlist.strings in Resources */,
				04533A622373BF7700410C2C /* Assets.xcassets in Resources */,
				04533A602373BF7200410C2C /* Main.storyboard in Resources */,
			);
			runOnlyForDeploymentPostprocessing = 0;
		};
/* End PBXResourcesBuildPhase section */

/* Begin PBXShellScriptBuildPhase section */
		247878A9229EBEF08D89644C /* [CP] Embed Pods Frameworks */ = {
			isa = PBXShellScriptBuildPhase;
			buildActionMask = 2147483647;
			files = (
			);
			inputFileListPaths = (
				"${PODS_ROOT}/Target Support Files/Pods-MyCalc/Pods-MyCalc-frameworks-${CONFIGURATION}-input-files.xcfilelist",
			);
			name = "[CP] Embed Pods Frameworks";
			outputFileListPaths = (
				"${PODS_ROOT}/Target Support Files/Pods-MyCalc/Pods-MyCalc-frameworks-${CONFIGURATION}-output-files.xcfilelist",
			);
			runOnlyForDeploymentPostprocessing = 0;
			shellPath = /bin/sh;
			shellScript = "\"${PODS_ROOT}/Target Support Files/Pods-MyCalc/Pods-MyCalc-frameworks.sh\"\n";
			showEnvVarsInLog = 0;
		};
		2FE7D6E64657B906BC514637 /* [CP] Check Pods Manifest.lock */ = {
			isa = PBXShellScriptBuildPhase;
			buildActionMask = 2147483647;
			files = (
			);
			inputFileListPaths = (
			);
			inputPaths = (
				"${PODS_PODFILE_DIR_PATH}/Podfile.lock",
				"${PODS_ROOT}/Manifest.lock",
			);
			name = "[CP] Check Pods Manifest.lock";
			outputFileListPaths = (
			);
			outputPaths = (
				"$(DERIVED_FILE_DIR)/Pods-MyCalc-checkManifestLockResult.txt",
			);
			runOnlyForDeploymentPostprocessing = 0;
			shellPath = /bin/sh;
			shellScript = "diff \"${PODS_PODFILE_DIR_PATH}/Podfile.lock\" \"${PODS_ROOT}/Manifest.lock\" > /dev/null\nif [ $? != 0 ] ; then\n    # print error to STDERR\n    echo \"error: The sandbox is not in sync with the Podfile.lock. Run 'pod install' or update your CocoaPods installation.\" >&2\n    exit 1\nfi\n# This output is used by Xcode 'outputs' to avoid re-running this script phase.\necho \"SUCCESS\" > \"${SCRIPT_OUTPUT_FILE_0}\"\n";
			showEnvVarsInLog = 0;
		};
/* End PBXShellScriptBuildPhase section */

/* Begin PBXSourcesBuildPhase section */
		04533A532373BF7200410C2C /* Sources */ = {
			isa = PBXSourcesBuildPhase;
			buildActionMask = 2147483647;
			files = (
				0419BE8B23794BA700075EA8 /* HistoryViewController.swift in Sources */,
				040FA3A824B6EBB900E82EE2 /* Anims.swift in Sources */,
				0492D3AA24973C020009B6DC /* MainView.swift in Sources */,
				04533A5D2373BF7200410C2C /* MainViewController.swift in Sources */,
				04D34637237D10EC0069962B /* HistoryTableViewCell.swift in Sources */,
				0406E2FB2394EEE9001B5D42 /* Calculator.swift in Sources */,
				04CBCF7724D1470E002A60F4 /* DisplayNumberConverter.swift in Sources */,
				04533A5B2373BF7200410C2C /* AppDelegate.swift in Sources */,
			);
			runOnlyForDeploymentPostprocessing = 0;
		};
/* End PBXSourcesBuildPhase section */

/* Begin PBXVariantGroup section */
		04533A5E2373BF7200410C2C /* Main.storyboard */ = {
			isa = PBXVariantGroup;
			children = (
				04533A5F2373BF7200410C2C /* Base */,
			);
			name = Main.storyboard;
			sourceTree = "<group>";
		};
		04533A632373BF7700410C2C /* LaunchScreen.storyboard */ = {
			isa = PBXVariantGroup;
			children = (
				04533A642373BF7700410C2C /* Base */,
			);
			name = LaunchScreen.storyboard;
			sourceTree = "<group>";
		};
		0492D3A524930FF30009B6DC /* InfoPlist.strings */ = {
			isa = PBXVariantGroup;
			children = (
				0492D3A424930FF30009B6DC /* en */,
				0492D3A6249310050009B6DC /* ko */,
			);
			name = InfoPlist.strings;
			sourceTree = "<group>";
		};
/* End PBXVariantGroup section */

/* Begin XCBuildConfiguration section */
		04533A672373BF7700410C2C /* Debug */ = {
			isa = XCBuildConfiguration;
			buildSettings = {
				ALWAYS_SEARCH_USER_PATHS = NO;
				CLANG_ANALYZER_LOCALIZABILITY_NONLOCALIZED = YES;
				CLANG_ANALYZER_NONNULL = YES;
				CLANG_ANALYZER_NUMBER_OBJECT_CONVERSION = YES_AGGRESSIVE;
				CLANG_CXX_LANGUAGE_STANDARD = "gnu++14";
				CLANG_CXX_LIBRARY = "libc++";
				CLANG_ENABLE_MODULES = YES;
				CLANG_ENABLE_OBJC_ARC = YES;
				CLANG_ENABLE_OBJC_WEAK = YES;
				CLANG_WARN_BLOCK_CAPTURE_AUTORELEASING = YES;
				CLANG_WARN_BOOL_CONVERSION = YES;
				CLANG_WARN_COMMA = YES;
				CLANG_WARN_CONSTANT_CONVERSION = YES;
				CLANG_WARN_DEPRECATED_OBJC_IMPLEMENTATIONS = YES;
				CLANG_WARN_DIRECT_OBJC_ISA_USAGE = YES_ERROR;
				CLANG_WARN_DOCUMENTATION_COMMENTS = YES;
				CLANG_WARN_EMPTY_BODY = YES;
				CLANG_WARN_ENUM_CONVERSION = YES;
				CLANG_WARN_INFINITE_RECURSION = YES;
				CLANG_WARN_INT_CONVERSION = YES;
				CLANG_WARN_NON_LITERAL_NULL_CONVERSION = YES;
				CLANG_WARN_OBJC_IMPLICIT_RETAIN_SELF = YES;
				CLANG_WARN_OBJC_LITERAL_CONVERSION = YES;
				CLANG_WARN_OBJC_ROOT_CLASS = YES_ERROR;
				CLANG_WARN_RANGE_LOOP_ANALYSIS = YES;
				CLANG_WARN_STRICT_PROTOTYPES = YES;
				CLANG_WARN_SUSPICIOUS_MOVE = YES;
				CLANG_WARN_UNGUARDED_AVAILABILITY = YES_AGGRESSIVE;
				CLANG_WARN_UNREACHABLE_CODE = YES;
				CLANG_WARN__DUPLICATE_METHOD_MATCH = YES;
				CODE_SIGN_IDENTITY = "iPhone Developer";
				COPY_PHASE_STRIP = NO;
				DEBUG_INFORMATION_FORMAT = dwarf;
				ENABLE_STRICT_OBJC_MSGSEND = YES;
				ENABLE_TESTABILITY = YES;
				GCC_C_LANGUAGE_STANDARD = gnu11;
				GCC_DYNAMIC_NO_PIC = NO;
				GCC_NO_COMMON_BLOCKS = YES;
				GCC_OPTIMIZATION_LEVEL = 0;
				GCC_PREPROCESSOR_DEFINITIONS = (
					"DEBUG=1",
					"$(inherited)",
				);
				GCC_WARN_64_TO_32_BIT_CONVERSION = YES;
				GCC_WARN_ABOUT_RETURN_TYPE = YES_ERROR;
				GCC_WARN_UNDECLARED_SELECTOR = YES;
				GCC_WARN_UNINITIALIZED_AUTOS = YES_AGGRESSIVE;
				GCC_WARN_UNUSED_FUNCTION = YES;
				GCC_WARN_UNUSED_VARIABLE = YES;
				IPHONEOS_DEPLOYMENT_TARGET = 12.4;
				MTL_ENABLE_DEBUG_INFO = INCLUDE_SOURCE;
				MTL_FAST_MATH = YES;
				ONLY_ACTIVE_ARCH = YES;
				SDKROOT = iphoneos;
				SWIFT_ACTIVE_COMPILATION_CONDITIONS = DEBUG;
				SWIFT_OPTIMIZATION_LEVEL = "-Onone";
			};
			name = Debug;
		};
		04533A682373BF7700410C2C /* Release */ = {
			isa = XCBuildConfiguration;
			buildSettings = {
				ALWAYS_SEARCH_USER_PATHS = NO;
				CLANG_ANALYZER_LOCALIZABILITY_NONLOCALIZED = YES;
				CLANG_ANALYZER_NONNULL = YES;
				CLANG_ANALYZER_NUMBER_OBJECT_CONVERSION = YES_AGGRESSIVE;
				CLANG_CXX_LANGUAGE_STANDARD = "gnu++14";
				CLANG_CXX_LIBRARY = "libc++";
				CLANG_ENABLE_MODULES = YES;
				CLANG_ENABLE_OBJC_ARC = YES;
				CLANG_ENABLE_OBJC_WEAK = YES;
				CLANG_WARN_BLOCK_CAPTURE_AUTORELEASING = YES;
				CLANG_WARN_BOOL_CONVERSION = YES;
				CLANG_WARN_COMMA = YES;
				CLANG_WARN_CONSTANT_CONVERSION = YES;
				CLANG_WARN_DEPRECATED_OBJC_IMPLEMENTATIONS = YES;
				CLANG_WARN_DIRECT_OBJC_ISA_USAGE = YES_ERROR;
				CLANG_WARN_DOCUMENTATION_COMMENTS = YES;
				CLANG_WARN_EMPTY_BODY = YES;
				CLANG_WARN_ENUM_CONVERSION = YES;
				CLANG_WARN_INFINITE_RECURSION = YES;
				CLANG_WARN_INT_CONVERSION = YES;
				CLANG_WARN_NON_LITERAL_NULL_CONVERSION = YES;
				CLANG_WARN_OBJC_IMPLICIT_RETAIN_SELF = YES;
				CLANG_WARN_OBJC_LITERAL_CONVERSION = YES;
				CLANG_WARN_OBJC_ROOT_CLASS = YES_ERROR;
				CLANG_WARN_RANGE_LOOP_ANALYSIS = YES;
				CLANG_WARN_STRICT_PROTOTYPES = YES;
				CLANG_WARN_SUSPICIOUS_MOVE = YES;
				CLANG_WARN_UNGUARDED_AVAILABILITY = YES_AGGRESSIVE;
				CLANG_WARN_UNREACHABLE_CODE = YES;
				CLANG_WARN__DUPLICATE_METHOD_MATCH = YES;
				CODE_SIGN_IDENTITY = "iPhone Developer";
				COPY_PHASE_STRIP = NO;
				DEBUG_INFORMATION_FORMAT = "dwarf-with-dsym";
				ENABLE_NS_ASSERTIONS = NO;
				ENABLE_STRICT_OBJC_MSGSEND = YES;
				GCC_C_LANGUAGE_STANDARD = gnu11;
				GCC_NO_COMMON_BLOCKS = YES;
				GCC_WARN_64_TO_32_BIT_CONVERSION = YES;
				GCC_WARN_ABOUT_RETURN_TYPE = YES_ERROR;
				GCC_WARN_UNDECLARED_SELECTOR = YES;
				GCC_WARN_UNINITIALIZED_AUTOS = YES_AGGRESSIVE;
				GCC_WARN_UNUSED_FUNCTION = YES;
				GCC_WARN_UNUSED_VARIABLE = YES;
				IPHONEOS_DEPLOYMENT_TARGET = 12.4;
				MTL_ENABLE_DEBUG_INFO = NO;
				MTL_FAST_MATH = YES;
				SDKROOT = iphoneos;
				SWIFT_COMPILATION_MODE = wholemodule;
				SWIFT_OPTIMIZATION_LEVEL = "-O";
				VALIDATE_PRODUCT = YES;
			};
			name = Release;
		};
		04533A6A2373BF7700410C2C /* Debug */ = {
			isa = XCBuildConfiguration;
			baseConfigurationReference = 77B4156BDB25FD8D1F2F0728 /* Pods-MyCalc.debug.xcconfig */;
			buildSettings = {
				ASSETCATALOG_COMPILER_APPICON_NAME = AppIcon;
				CODE_SIGN_STYLE = Automatic;
				CURRENT_PROJECT_VERSION = 5;
				DEVELOPMENT_TEAM = KQS5CL5P74;
				INFOPLIST_FILE = MyCalc/Info.plist;
				IPHONEOS_DEPLOYMENT_TARGET = 11.0;
				LD_RUNPATH_SEARCH_PATHS = (
					"$(inherited)",
					"@executable_path/Frameworks",
				);
				MARKETING_VERSION = 1.0.0;
				PRODUCT_BUNDLE_IDENTIFIER = com.studiofirstzero.clevercalc;
				PRODUCT_NAME = "$(TARGET_NAME)";
				SWIFT_VERSION = 5.0;
				TARGETED_DEVICE_FAMILY = "1,2";
			};
			name = Debug;
		};
		04533A6B2373BF7700410C2C /* Release */ = {
			isa = XCBuildConfiguration;
			baseConfigurationReference = 53BA42A1B8B0BF3315833AA6 /* Pods-MyCalc.release.xcconfig */;
			buildSettings = {
				ASSETCATALOG_COMPILER_APPICON_NAME = AppIcon;
				CODE_SIGN_STYLE = Automatic;
				CURRENT_PROJECT_VERSION = 5;
				DEVELOPMENT_TEAM = KQS5CL5P74;
				INFOPLIST_FILE = MyCalc/Info.plist;
				IPHONEOS_DEPLOYMENT_TARGET = 11.0;
				LD_RUNPATH_SEARCH_PATHS = (
					"$(inherited)",
					"@executable_path/Frameworks",
				);
				MARKETING_VERSION = 1.0.0;
				PRODUCT_BUNDLE_IDENTIFIER = com.studiofirstzero.clevercalc;
				PRODUCT_NAME = "$(TARGET_NAME)";
				SWIFT_VERSION = 5.0;
				TARGETED_DEVICE_FAMILY = "1,2";
			};
			name = Release;
		};
/* End XCBuildConfiguration section */

/* Begin XCConfigurationList section */
		04533A522373BF7200410C2C /* Build configuration list for PBXProject "MyCalc" */ = {
			isa = XCConfigurationList;
			buildConfigurations = (
				04533A672373BF7700410C2C /* Debug */,
				04533A682373BF7700410C2C /* Release */,
			);
			defaultConfigurationIsVisible = 0;
			defaultConfigurationName = Release;
		};
		04533A692373BF7700410C2C /* Build configuration list for PBXNativeTarget "MyCalc" */ = {
			isa = XCConfigurationList;
			buildConfigurations = (
				04533A6A2373BF7700410C2C /* Debug */,
				04533A6B2373BF7700410C2C /* Release */,
			);
			defaultConfigurationIsVisible = 0;
			defaultConfigurationName = Release;
		};
/* End XCConfigurationList section */
	};
	rootObject = 04533A4F2373BF7200410C2C /* Project object */;
}
